
Microsoft Visual Studio Solution File, Format Version 12.00
# Visual Studio Version 17
VisualStudioVersion = 17.2.32526.322
MinimumVisualStudioVersion = 10.0.40219.1
Project("{FAE04EC0-301F-11D3-BF4B-00C04F79EFBC}") = "GuitarApp", "GuitarApp\GuitarApp.csproj", "{A9BDF79F-BB04-481A-9986-EAAEF68B91E7}"
EndProject
Global
	GlobalSection(SolutionConfigurationPlatforms) = preSolution
		Debug|Any CPU = Debug|Any CPU
		Release|Any CPU = Release|Any CPU
	EndGlobalSection
	GlobalSection(ProjectConfigurationPlatforms) = postSolution
		{A9BDF79F-BB04-481A-9986-EAAEF68B91E7}.Debug|Any CPU.ActiveCfg = Debug|Any CPU
		{A9BDF79F-BB04-481A-9986-EAAEF68B91E7}.Debug|Any CPU.Build.0 = Debug|Any CPU
		{A9BDF79F-BB04-481A-9986-EAAEF68B91E7}.Release|Any CPU.ActiveCfg = Release|Any CPU
		{A9BDF79F-BB04-481A-9986-EAAEF68B91E7}.Release|Any CPU.Build.0 = Release|Any CPU
	EndGlobalSection
	GlobalSection(SolutionProperties) = preSolution
		HideSolutionNode = FALSE
	EndGlobalSection
	GlobalSection(ExtensibilityGlobals) = postSolution
		SolutionGuid = {96899F22-F818-4DE3-BAD8-967D4355EA4F}
	EndGlobalSection
EndGlobal
