
Microsoft Visual Studio Solution File, Format Version 12.00
# Visual Studio Version 17
VisualStudioVersion = 17.2.32526.322
MinimumVisualStudioVersion = 10.0.40219.1
Project("{FAE04EC0-301F-11D3-BF4B-00C04F79EFBC}") = "CalculatorEventApp", "CalculatorEventApp\CalculatorEventApp.csproj", "{401FD246-48A4-4A6D-AD37-CF569EACB1AB}"
EndProject
Global
	GlobalSection(SolutionConfigurationPlatforms) = preSolution
		Debug|Any CPU = Debug|Any CPU
		Release|Any CPU = Release|Any CPU
	EndGlobalSection
	GlobalSection(ProjectConfigurationPlatforms) = postSolution
		{401FD246-48A4-4A6D-AD37-CF569EACB1AB}.Debug|Any CPU.ActiveCfg = Debug|Any CPU
		{401FD246-48A4-4A6D-AD37-CF569EACB1AB}.Debug|Any CPU.Build.0 = Debug|Any CPU
		{401FD246-48A4-4A6D-AD37-CF569EACB1AB}.Release|Any CPU.ActiveCfg = Release|Any CPU
		{401FD246-48A4-4A6D-AD37-CF569EACB1AB}.Release|Any CPU.Build.0 = Release|Any CPU
	EndGlobalSection
	GlobalSection(SolutionProperties) = preSolution
		HideSolutionNode = FALSE
	EndGlobalSection
	GlobalSection(ExtensibilityGlobals) = postSolution
		SolutionGuid = {AAF6579B-4C57-4B13-8250-BBF7FB7A6EB5}
	EndGlobalSection
EndGlobal
