
Microsoft Visual Studio Solution File, Format Version 12.00
# Visual Studio Version 17
VisualStudioVersion = 17.2.32526.322
MinimumVisualStudioVersion = 10.0.40219.1
Project("{FAE04EC0-301F-11D3-BF4B-00C04F79EFBC}") = "TransactionApp", "TransactionApp\TransactionApp.csproj", "{6DD259DC-04C6-451A-B1FF-B0B1DA7806F8}"
EndProject
Global
	GlobalSection(SolutionConfigurationPlatforms) = preSolution
		Debug|Any CPU = Debug|Any CPU
		Release|Any CPU = Release|Any CPU
	EndGlobalSection
	GlobalSection(ProjectConfigurationPlatforms) = postSolution
		{6DD259DC-04C6-451A-B1FF-B0B1DA7806F8}.Debug|Any CPU.ActiveCfg = Debug|Any CPU
		{6DD259DC-04C6-451A-B1FF-B0B1DA7806F8}.Debug|Any CPU.Build.0 = Debug|Any CPU
		{6DD259DC-04C6-451A-B1FF-B0B1DA7806F8}.Release|Any CPU.ActiveCfg = Release|Any CPU
		{6DD259DC-04C6-451A-B1FF-B0B1DA7806F8}.Release|Any CPU.Build.0 = Release|Any CPU
	EndGlobalSection
	GlobalSection(SolutionProperties) = preSolution
		HideSolutionNode = FALSE
	EndGlobalSection
	GlobalSection(ExtensibilityGlobals) = postSolution
		SolutionGuid = {E78617A9-7173-4F61-AE14-500B37436AF1}
	EndGlobalSection
EndGlobal
