
Microsoft Visual Studio Solution File, Format Version 12.00
# Visual Studio Version 17
VisualStudioVersion = 17.2.32526.322
MinimumVisualStudioVersion = 10.0.40219.1
Project("{FAE04EC0-301F-11D3-BF4B-00C04F79EFBC}") = "RectangleApp", "RectangleApp\RectangleApp.csproj", "{696C037C-B165-46ED-936E-E7BFB1F3B377}"
EndProject
Global
	GlobalSection(SolutionConfigurationPlatforms) = preSolution
		Debug|Any CPU = Debug|Any CPU
		Release|Any CPU = Release|Any CPU
	EndGlobalSection
	GlobalSection(ProjectConfigurationPlatforms) = postSolution
		{696C037C-B165-46ED-936E-E7BFB1F3B377}.Debug|Any CPU.ActiveCfg = Debug|Any CPU
		{696C037C-B165-46ED-936E-E7BFB1F3B377}.Debug|Any CPU.Build.0 = Debug|Any CPU
		{696C037C-B165-46ED-936E-E7BFB1F3B377}.Release|Any CPU.ActiveCfg = Release|Any CPU
		{696C037C-B165-46ED-936E-E7BFB1F3B377}.Release|Any CPU.Build.0 = Release|Any CPU
	EndGlobalSection
	GlobalSection(SolutionProperties) = preSolution
		HideSolutionNode = FALSE
	EndGlobalSection
	GlobalSection(ExtensibilityGlobals) = postSolution
		SolutionGuid = {E8F6328F-509F-4AC6-AEFE-E534A77CB721}
	EndGlobalSection
EndGlobal
