
Microsoft Visual Studio Solution File, Format Version 12.00
# Visual Studio Version 17
VisualStudioVersion = 17.2.32526.322
MinimumVisualStudioVersion = 10.0.40219.1
Project("{FAE04EC0-301F-11D3-BF4B-00C04F79EFBC}") = "InterfaceRepositoryApp", "InterfaceRepositoryApp\InterfaceRepositoryApp.csproj", "{89EF7920-AD93-47D5-900F-CCB412A5EB37}"
EndProject
Global
	GlobalSection(SolutionConfigurationPlatforms) = preSolution
		Debug|Any CPU = Debug|Any CPU
		Release|Any CPU = Release|Any CPU
	EndGlobalSection
	GlobalSection(ProjectConfigurationPlatforms) = postSolution
		{89EF7920-AD93-47D5-900F-CCB412A5EB37}.Debug|Any CPU.ActiveCfg = Debug|Any CPU
		{89EF7920-AD93-47D5-900F-CCB412A5EB37}.Debug|Any CPU.Build.0 = Debug|Any CPU
		{89EF7920-AD93-47D5-900F-CCB412A5EB37}.Release|Any CPU.ActiveCfg = Release|Any CPU
		{89EF7920-AD93-47D5-900F-CCB412A5EB37}.Release|Any CPU.Build.0 = Release|Any CPU
	EndGlobalSection
	GlobalSection(SolutionProperties) = preSolution
		HideSolutionNode = FALSE
	EndGlobalSection
	GlobalSection(ExtensibilityGlobals) = postSolution
		SolutionGuid = {B40776E6-814F-4E88-B57A-078C5271E110}
	EndGlobalSection
EndGlobal
