
Microsoft Visual Studio Solution File, Format Version 12.00
# Visual Studio Version 17
VisualStudioVersion = 17.2.32526.322
MinimumVisualStudioVersion = 10.0.40219.1
Project("{FAE04EC0-301F-11D3-BF4B-00C04F79EFBC}") = "CopyConstructor", "CopyConstructor\CopyConstructor.csproj", "{20F3901E-58A3-4910-BEA5-1C4AAF874AC2}"
EndProject
Global
	GlobalSection(SolutionConfigurationPlatforms) = preSolution
		Debug|Any CPU = Debug|Any CPU
		Release|Any CPU = Release|Any CPU
	EndGlobalSection
	GlobalSection(ProjectConfigurationPlatforms) = postSolution
		{20F3901E-58A3-4910-BEA5-1C4AAF874AC2}.Debug|Any CPU.ActiveCfg = Debug|Any CPU
		{20F3901E-58A3-4910-BEA5-1C4AAF874AC2}.Debug|Any CPU.Build.0 = Debug|Any CPU
		{20F3901E-58A3-4910-BEA5-1C4AAF874AC2}.Release|Any CPU.ActiveCfg = Release|Any CPU
		{20F3901E-58A3-4910-BEA5-1C4AAF874AC2}.Release|Any CPU.Build.0 = Release|Any CPU
	EndGlobalSection
	GlobalSection(SolutionProperties) = preSolution
		HideSolutionNode = FALSE
	EndGlobalSection
	GlobalSection(ExtensibilityGlobals) = postSolution
		SolutionGuid = {F92C13C3-E231-4FC4-A763-D82D6061D671}
	EndGlobalSection
EndGlobal
