
Microsoft Visual Studio Solution File, Format Version 12.00
# Visual Studio Version 17
VisualStudioVersion = 17.2.32526.322
MinimumVisualStudioVersion = 10.0.40219.1
Project("{FAE04EC0-301F-11D3-BF4B-00C04F79EFBC}") = "FactoryLib", "FactoryLib\FactoryLib.csproj", "{5ECA52F6-09CA-4A3F-B2E3-04E9DF65D63D}"
EndProject
Project("{FAE04EC0-301F-11D3-BF4B-00C04F79EFBC}") = "ConsoleClientApp", "ConsoleClientApp\ConsoleClientApp.csproj", "{7DAA24C2-AD96-4005-984E-9D0866735EAB}"
EndProject
Global
	GlobalSection(SolutionConfigurationPlatforms) = preSolution
		Debug|Any CPU = Debug|Any CPU
		Release|Any CPU = Release|Any CPU
	EndGlobalSection
	GlobalSection(ProjectConfigurationPlatforms) = postSolution
		{5ECA52F6-09CA-4A3F-B2E3-04E9DF65D63D}.Debug|Any CPU.ActiveCfg = Debug|Any CPU
		{5ECA52F6-09CA-4A3F-B2E3-04E9DF65D63D}.Debug|Any CPU.Build.0 = Debug|Any CPU
		{5ECA52F6-09CA-4A3F-B2E3-04E9DF65D63D}.Release|Any CPU.ActiveCfg = Release|Any CPU
		{5ECA52F6-09CA-4A3F-B2E3-04E9DF65D63D}.Release|Any CPU.Build.0 = Release|Any CPU
		{7DAA24C2-AD96-4005-984E-9D0866735EAB}.Debug|Any CPU.ActiveCfg = Debug|Any CPU
		{7DAA24C2-AD96-4005-984E-9D0866735EAB}.Debug|Any CPU.Build.0 = Debug|Any CPU
		{7DAA24C2-AD96-4005-984E-9D0866735EAB}.Release|Any CPU.ActiveCfg = Release|Any CPU
		{7DAA24C2-AD96-4005-984E-9D0866735EAB}.Release|Any CPU.Build.0 = Release|Any CPU
	EndGlobalSection
	GlobalSection(SolutionProperties) = preSolution
		HideSolutionNode = FALSE
	EndGlobalSection
	GlobalSection(ExtensibilityGlobals) = postSolution
		SolutionGuid = {F1E3BD75-8196-4D96-8C02-E6981FDE61E0}
	EndGlobalSection
EndGlobal
