
Microsoft Visual Studio Solution File, Format Version 12.00
# Visual Studio Version 17
VisualStudioVersion = 17.2.32526.322
MinimumVisualStudioVersion = 10.0.40219.1
Project("{FAE04EC0-301F-11D3-BF4B-00C04F79EFBC}") = "DIPSolutionApp", "DIPSolutionApp\DIPSolutionApp.csproj", "{A66DC20D-8746-4E88-AF21-1A5762055427}"
EndProject
Global
	GlobalSection(SolutionConfigurationPlatforms) = preSolution
		Debug|Any CPU = Debug|Any CPU
		Release|Any CPU = Release|Any CPU
	EndGlobalSection
	GlobalSection(ProjectConfigurationPlatforms) = postSolution
		{A66DC20D-8746-4E88-AF21-1A5762055427}.Debug|Any CPU.ActiveCfg = Debug|Any CPU
		{A66DC20D-8746-4E88-AF21-1A5762055427}.Debug|Any CPU.Build.0 = Debug|Any CPU
		{A66DC20D-8746-4E88-AF21-1A5762055427}.Release|Any CPU.ActiveCfg = Release|Any CPU
		{A66DC20D-8746-4E88-AF21-1A5762055427}.Release|Any CPU.Build.0 = Release|Any CPU
	EndGlobalSection
	GlobalSection(SolutionProperties) = preSolution
		HideSolutionNode = FALSE
	EndGlobalSection
	GlobalSection(ExtensibilityGlobals) = postSolution
		SolutionGuid = {24A0C9D5-CA9C-40B9-AA97-D97518DEBA56}
	EndGlobalSection
EndGlobal
