
Microsoft Visual Studio Solution File, Format Version 12.00
# Visual Studio Version 17
VisualStudioVersion = 17.2.32526.322
MinimumVisualStudioVersion = 10.0.40219.1
Project("{FAE04EC0-301F-11D3-BF4B-00C04F79EFBC}") = "OCPViolationApp", "OCPViolationApp\OCPViolationApp.csproj", "{C5E7F42A-D76C-40E1-BF73-B9A7CD48018F}"
EndProject
Project("{FAE04EC0-301F-11D3-BF4B-00C04F79EFBC}") = "OCPSolutionApp", "OCPSolutionApp\OCPSolutionApp.csproj", "{906BE536-C20F-49DC-A257-11B7E3AEFC73}"
EndProject
Global
	GlobalSection(SolutionConfigurationPlatforms) = preSolution
		Debug|Any CPU = Debug|Any CPU
		Release|Any CPU = Release|Any CPU
	EndGlobalSection
	GlobalSection(ProjectConfigurationPlatforms) = postSolution
		{C5E7F42A-D76C-40E1-BF73-B9A7CD48018F}.Debug|Any CPU.ActiveCfg = Debug|Any CPU
		{C5E7F42A-D76C-40E1-BF73-B9A7CD48018F}.Debug|Any CPU.Build.0 = Debug|Any CPU
		{C5E7F42A-D76C-40E1-BF73-B9A7CD48018F}.Release|Any CPU.ActiveCfg = Release|Any CPU
		{C5E7F42A-D76C-40E1-BF73-B9A7CD48018F}.Release|Any CPU.Build.0 = Release|Any CPU
		{906BE536-C20F-49DC-A257-11B7E3AEFC73}.Debug|Any CPU.ActiveCfg = Debug|Any CPU
		{906BE536-C20F-49DC-A257-11B7E3AEFC73}.Debug|Any CPU.Build.0 = Debug|Any CPU
		{906BE536-C20F-49DC-A257-11B7E3AEFC73}.Release|Any CPU.ActiveCfg = Release|Any CPU
		{906BE536-C20F-49DC-A257-11B7E3AEFC73}.Release|Any CPU.Build.0 = Release|Any CPU
	EndGlobalSection
	GlobalSection(SolutionProperties) = preSolution
		HideSolutionNode = FALSE
	EndGlobalSection
	GlobalSection(ExtensibilityGlobals) = postSolution
		SolutionGuid = {154E2823-AB81-4BB5-B867-1A7F30B8DA1D}
	EndGlobalSection
EndGlobal
