
Microsoft Visual Studio Solution File, Format Version 12.00
# Visual Studio Version 17
VisualStudioVersion = 17.2.32526.322
MinimumVisualStudioVersion = 10.0.40219.1
Project("{FAE04EC0-301F-11D3-BF4B-00C04F79EFBC}") = "PredefinedGenericDelegates", "PredefinedGenericDelegates\PredefinedGenericDelegates.csproj", "{37165322-718E-41B8-B1D3-B5E631BDC0EC}"
EndProject
Global
	GlobalSection(SolutionConfigurationPlatforms) = preSolution
		Debug|Any CPU = Debug|Any CPU
		Release|Any CPU = Release|Any CPU
	EndGlobalSection
	GlobalSection(ProjectConfigurationPlatforms) = postSolution
		{37165322-718E-41B8-B1D3-B5E631BDC0EC}.Debug|Any CPU.ActiveCfg = Debug|Any CPU
		{37165322-718E-41B8-B1D3-B5E631BDC0EC}.Debug|Any CPU.Build.0 = Debug|Any CPU
		{37165322-718E-41B8-B1D3-B5E631BDC0EC}.Release|Any CPU.ActiveCfg = Release|Any CPU
		{37165322-718E-41B8-B1D3-B5E631BDC0EC}.Release|Any CPU.Build.0 = Release|Any CPU
	EndGlobalSection
	GlobalSection(SolutionProperties) = preSolution
		HideSolutionNode = FALSE
	EndGlobalSection
	GlobalSection(ExtensibilityGlobals) = postSolution
		SolutionGuid = {39508F49-8EF5-43D9-A453-A07E9E8EE247}
	EndGlobalSection
EndGlobal
